// !$*UTF8*$!
{
	archiveVersion = 1;
	classes = {
	};
	objectVersion = 50;
	objects = {

/* Begin PBXBuildFile section */
		2F168EB422F151CA00A7A85F /* AppDelegate.swift in Sources */ = {isa = PBXBuildFile; fileRef = 2F168EB322F151CA00A7A85F /* AppDelegate.swift */; };
		2F168EB622F151CA00A7A85F /* ProductsViewController.swift in Sources */ = {isa = PBXBuildFile; fileRef = 2F168EB522F151CA00A7A85F /* ProductsViewController.swift */; };
		2F168EBB22F151CB00A7A85F /* Assets.xcassets in Resources */ = {isa = PBXBuildFile; fileRef = 2F168EBA22F151CB00A7A85F /* Assets.xcassets */; };
		2F168EBE22F151CB00A7A85F /* LaunchScreen.storyboard in Resources */ = {isa = PBXBuildFile; fileRef = 2F168EBC22F151CB00A7A85F /* LaunchScreen.storyboard */; };
		2F168EC922F151CB00A7A85F /* ProductsViewModelTests.swift in Sources */ = {isa = PBXBuildFile; fileRef = 2F168EC822F151CB00A7A85F /* ProductsViewModelTests.swift */; };
		2F168ED422F1543C00A7A85F /* ProductsViewModel.swift in Sources */ = {isa = PBXBuildFile; fileRef = 2F168ED322F1543C00A7A85F /* ProductsViewModel.swift */; };
		2F168ED622F1546900A7A85F /* Product.swift in Sources */ = {isa = PBXBuildFile; fileRef = 2F168ED522F1546900A7A85F /* Product.swift */; };
		2F168ED822F1547100A7A85F /* Ingredient.swift in Sources */ = {isa = PBXBuildFile; fileRef = 2F168ED722F1547100A7A85F /* Ingredient.swift */; };
		2F168EDA22F15CBF00A7A85F /* FilterViewController.swift in Sources */ = {isa = PBXBuildFile; fileRef = 2F168ED922F15CBF00A7A85F /* FilterViewController.swift */; };
		2F168EE522F1C32B00A7A85F /* products.json in Resources */ = {isa = PBXBuildFile; fileRef = 2F168EE322F1C32B00A7A85F /* products.json */; };
		2F168EE622F1C32B00A7A85F /* ingredients.json in Resources */ = {isa = PBXBuildFile; fileRef = 2F168EE422F1C32B00A7A85F /* ingredients.json */; };
		2FAD917522F1F69300425CCE /* ModelStore.swift in Sources */ = {isa = PBXBuildFile; fileRef = 2FAD917422F1F69300425CCE /* ModelStore.swift */; };
/* End PBXBuildFile section */

/* Begin PBXContainerItemProxy section */
		2F168EC522F151CB00A7A85F /* PBXContainerItemProxy */ = {
			isa = PBXContainerItemProxy;
			containerPortal = 2F168EA822F151CA00A7A85F /* Project object */;
			proxyType = 1;
			remoteGlobalIDString = 2F168EAF22F151CA00A7A85F;
			remoteInfo = "Daily Harvest";
		};
/* End PBXContainerItemProxy section */

/* Begin PBXFileReference section */
		2F168EB022F151CA00A7A85F /* Daily Harvest.app */ = {isa = PBXFileReference; explicitFileType = wrapper.application; includeInIndex = 0; path = "Daily Harvest.app"; sourceTree = BUILT_PRODUCTS_DIR; };
		2F168EB322F151CA00A7A85F /* AppDelegate.swift */ = {isa = PBXFileReference; lastKnownFileType = sourcecode.swift; path = AppDelegate.swift; sourceTree = "<group>"; };
		2F168EB522F151CA00A7A85F /* ProductsViewController.swift */ = {isa = PBXFileReference; lastKnownFileType = sourcecode.swift; path = ProductsViewController.swift; sourceTree = "<group>"; };
		2F168EBA22F151CB00A7A85F /* Assets.xcassets */ = {isa = PBXFileReference; lastKnownFileType = folder.assetcatalog; path = Assets.xcassets; sourceTree = "<group>"; };
		2F168EBD22F151CB00A7A85F /* Base */ = {isa = PBXFileReference; lastKnownFileType = file.storyboard; name = Base; path = Base.lproj/LaunchScreen.storyboard; sourceTree = "<group>"; };
		2F168EBF22F151CB00A7A85F /* Info.plist */ = {isa = PBXFileReference; lastKnownFileType = text.plist.xml; path = Info.plist; sourceTree = "<group>"; };
		2F168EC422F151CB00A7A85F /* Daily HarvestTests.xctest */ = {isa = PBXFileReference; explicitFileType = wrapper.cfbundle; includeInIndex = 0; path = "Daily HarvestTests.xctest"; sourceTree = BUILT_PRODUCTS_DIR; };
		2F168EC822F151CB00A7A85F /* ProductsViewModelTests.swift */ = {isa = PBXFileReference; lastKnownFileType = sourcecode.swift; path = ProductsViewModelTests.swift; sourceTree = "<group>"; };
		2F168ECA22F151CB00A7A85F /* Info.plist */ = {isa = PBXFileReference; lastKnownFileType = text.plist.xml; path = Info.plist; sourceTree = "<group>"; };
		2F168ED322F1543C00A7A85F /* ProductsViewModel.swift */ = {isa = PBXFileReference; lastKnownFileType = sourcecode.swift; path = ProductsViewModel.swift; sourceTree = "<group>"; };
		2F168ED522F1546900A7A85F /* Product.swift */ = {isa = PBXFileReference; lastKnownFileType = sourcecode.swift; path = Product.swift; sourceTree = "<group>"; };
		2F168ED722F1547100A7A85F /* Ingredient.swift */ = {isa = PBXFileReference; lastKnownFileType = sourcecode.swift; path = Ingredient.swift; sourceTree = "<group>"; };
		2F168ED922F15CBF00A7A85F /* FilterViewController.swift */ = {isa = PBXFileReference; lastKnownFileType = sourcecode.swift; path = FilterViewController.swift; sourceTree = "<group>"; };
		2F168EE322F1C32B00A7A85F /* products.json */ = {isa = PBXFileReference; fileEncoding = 4; lastKnownFileType = text.json; name = products.json; path = ../../data/products.json; sourceTree = "<group>"; };
		2F168EE422F1C32B00A7A85F /* ingredients.json */ = {isa = PBXFileReference; fileEncoding = 4; lastKnownFileType = text.json; name = ingredients.json; path = ../../data/ingredients.json; sourceTree = "<group>"; };
		2FAD917422F1F69300425CCE /* ModelStore.swift */ = {isa = PBXFileReference; lastKnownFileType = sourcecode.swift; path = ModelStore.swift; sourceTree = "<group>"; };
/* End PBXFileReference section */

/* Begin PBXFrameworksBuildPhase section */
		2F168EAD22F151CA00A7A85F /* Frameworks */ = {
			isa = PBXFrameworksBuildPhase;
			buildActionMask = 2147483647;
			files = (
			);
			runOnlyForDeploymentPostprocessing = 0;
		};
		2F168EC122F151CB00A7A85F /* Frameworks */ = {
			isa = PBXFrameworksBuildPhase;
			buildActionMask = 2147483647;
			files = (
			);
			runOnlyForDeploymentPostprocessing = 0;
		};
/* End PBXFrameworksBuildPhase section */

/* Begin PBXGroup section */
		2F168EA722F151CA00A7A85F = {
			isa = PBXGroup;
			children = (
				2F168EB222F151CA00A7A85F /* Daily Harvest */,
				2F168EC722F151CB00A7A85F /* Daily HarvestTests */,
				2F168EB122F151CA00A7A85F /* Products */,
			);
			sourceTree = "<group>";
		};
		2F168EB122F151CA00A7A85F /* Products */ = {
			isa = PBXGroup;
			children = (
				2F168EB022F151CA00A7A85F /* Daily Harvest.app */,
				2F168EC422F151CB00A7A85F /* Daily HarvestTests.xctest */,
			);
			name = Products;
			sourceTree = "<group>";
		};
		2F168EB222F151CA00A7A85F /* Daily Harvest */ = {
			isa = PBXGroup;
			children = (
				2F168EB322F151CA00A7A85F /* AppDelegate.swift */,
				2F168EB522F151CA00A7A85F /* ProductsViewController.swift */,
				2F168ED322F1543C00A7A85F /* ProductsViewModel.swift */,
				2F168ED922F15CBF00A7A85F /* FilterViewController.swift */,
				2FAD917422F1F69300425CCE /* ModelStore.swift */,
				2F168ED522F1546900A7A85F /* Product.swift */,
				2F168ED722F1547100A7A85F /* Ingredient.swift */,
				2F168EE422F1C32B00A7A85F /* ingredients.json */,
				2F168EE322F1C32B00A7A85F /* products.json */,
				2F168EBA22F151CB00A7A85F /* Assets.xcassets */,
				2F168EBC22F151CB00A7A85F /* LaunchScreen.storyboard */,
				2F168EBF22F151CB00A7A85F /* Info.plist */,
			);
			path = "Daily Harvest";
			sourceTree = "<group>";
		};
		2F168EC722F151CB00A7A85F /* Daily HarvestTests */ = {
			isa = PBXGroup;
			children = (
				2F168EC822F151CB00A7A85F /* ProductsViewModelTests.swift */,
				2F168ECA22F151CB00A7A85F /* Info.plist */,
			);
			path = "Daily HarvestTests";
			sourceTree = "<group>";
		};
/* End PBXGroup section */

/* Begin PBXNativeTarget section */
		2F168EAF22F151CA00A7A85F /* Daily Harvest */ = {
			isa = PBXNativeTarget;
			buildConfigurationList = 2F168ECD22F151CB00A7A85F /* Build configuration list for PBXNativeTarget "Daily Harvest" */;
			buildPhases = (
				2F168EAC22F151CA00A7A85F /* Sources */,
				2F168EAD22F151CA00A7A85F /* Frameworks */,
				2F168EAE22F151CA00A7A85F /* Resources */,
			);
			buildRules = (
			);
			dependencies = (
			);
			name = "Daily Harvest";
			productName = "Daily Harvest";
			productReference = 2F168EB022F151CA00A7A85F /* Daily Harvest.app */;
			productType = "com.apple.product-type.application";
		};
		2F168EC322F151CB00A7A85F /* Daily HarvestTests */ = {
			isa = PBXNativeTarget;
			buildConfigurationList = 2F168ED022F151CB00A7A85F /* Build configuration list for PBXNativeTarget "Daily HarvestTests" */;
			buildPhases = (
				2F168EC022F151CB00A7A85F /* Sources */,
				2F168EC122F151CB00A7A85F /* Frameworks */,
				2F168EC222F151CB00A7A85F /* Resources */,
			);
			buildRules = (
			);
			dependencies = (
				2F168EC622F151CB00A7A85F /* PBXTargetDependency */,
			);
			name = "Daily HarvestTests";
			productName = "Daily HarvestTests";
			productReference = 2F168EC422F151CB00A7A85F /* Daily HarvestTests.xctest */;
			productType = "com.apple.product-type.bundle.unit-test";
		};
/* End PBXNativeTarget section */

/* Begin PBXProject section */
		2F168EA822F151CA00A7A85F /* Project object */ = {
			isa = PBXProject;
			attributes = {
				LastSwiftUpdateCheck = 1020;
				LastUpgradeCheck = 1020;
				ORGANIZATIONNAME = "Dasmer Singh";
				TargetAttributes = {
					2F168EAF22F151CA00A7A85F = {
						CreatedOnToolsVersion = 10.2.1;
					};
					2F168EC322F151CB00A7A85F = {
						CreatedOnToolsVersion = 10.2.1;
						TestTargetID = 2F168EAF22F151CA00A7A85F;
					};
				};
			};
			buildConfigurationList = 2F168EAB22F151CA00A7A85F /* Build configuration list for PBXProject "Daily Harvest" */;
			compatibilityVersion = "Xcode 9.3";
			developmentRegion = en;
			hasScannedForEncodings = 0;
			knownRegions = (
				en,
				Base,
			);
			mainGroup = 2F168EA722F151CA00A7A85F;
			productRefGroup = 2F168EB122F151CA00A7A85F /* Products */;
			projectDirPath = "";
			projectRoot = "";
			targets = (
				2F168EAF22F151CA00A7A85F /* Daily Harvest */,
				2F168EC322F151CB00A7A85F /* Daily HarvestTests */,
			);
		};
/* End PBXProject section */

/* Begin PBXResourcesBuildPhase section */
		2F168EAE22F151CA00A7A85F /* Resources */ = {
			isa = PBXResourcesBuildPhase;
			buildActionMask = 2147483647;
			files = (
				2F168EE622F1C32B00A7A85F /* ingredients.json in Resources */,
				2F168EE522F1C32B00A7A85F /* products.json in Resources */,
				2F168EBE22F151CB00A7A85F /* LaunchScreen.storyboard in Resources */,
				2F168EBB22F151CB00A7A85F /* Assets.xcassets in Resources */,
			);
			runOnlyForDeploymentPostprocessing = 0;
		};
		2F168EC222F151CB00A7A85F /* Resources */ = {
			isa = PBXResourcesBuildPhase;
			buildActionMask = 2147483647;
			files = (
			);
			runOnlyForDeploymentPostprocessing = 0;
		};
/* End PBXResourcesBuildPhase section */

/* Begin PBXSourcesBuildPhase section */
		2F168EAC22F151CA00A7A85F /* Sources */ = {
			isa = PBXSourcesBuildPhase;
			buildActionMask = 2147483647;
			files = (
				2F168EDA22F15CBF00A7A85F /* FilterViewController.swift in Sources */,
				2F168ED422F1543C00A7A85F /* ProductsViewModel.swift in Sources */,
				2F168ED622F1546900A7A85F /* Product.swift in Sources */,
				2F168ED822F1547100A7A85F /* Ingredient.swift in Sources */,
				2F168EB622F151CA00A7A85F /* ProductsViewController.swift in Sources */,
				2FAD917522F1F69300425CCE /* ModelStore.swift in Sources */,
				2F168EB422F151CA00A7A85F /* AppDelegate.swift in Sources */,
			);
			runOnlyForDeploymentPostprocessing = 0;
		};
		2F168EC022F151CB00A7A85F /* Sources */ = {
			isa = PBXSourcesBuildPhase;
			buildActionMask = 2147483647;
			files = (
				2F168EC922F151CB00A7A85F /* ProductsViewModelTests.swift in Sources */,
			);
			runOnlyForDeploymentPostprocessing = 0;
		};
/* End PBXSourcesBuildPhase section */

/* Begin PBXTargetDependency section */
		2F168EC622F151CB00A7A85F /* PBXTargetDependency */ = {
			isa = PBXTargetDependency;
			target = 2F168EAF22F151CA00A7A85F /* Daily Harvest */;
			targetProxy = 2F168EC522F151CB00A7A85F /* PBXContainerItemProxy */;
		};
/* End PBXTargetDependency section */

/* Begin PBXVariantGroup section */
		2F168EBC22F151CB00A7A85F /* LaunchScreen.storyboard */ = {
			isa = PBXVariantGroup;
			children = (
				2F168EBD22F151CB00A7A85F /* Base */,
			);
			name = LaunchScreen.storyboard;
			sourceTree = "<group>";
		};
/* End PBXVariantGroup section */

/* Begin XCBuildConfiguration section */
		2F168ECB22F151CB00A7A85F /* Debug */ = {
			isa = XCBuildConfiguration;
			buildSettings = {
				ALWAYS_SEARCH_USER_PATHS = NO;
				CLANG_ANALYZER_NONNULL = YES;
				CLANG_ANALYZER_NUMBER_OBJECT_CONVERSION = YES_AGGRESSIVE;
				CLANG_CXX_LANGUAGE_STANDARD = "gnu++14";
				CLANG_CXX_LIBRARY = "libc++";
				CLANG_ENABLE_MODULES = YES;
				CLANG_ENABLE_OBJC_ARC = YES;
				CLANG_ENABLE_OBJC_WEAK = YES;
				CLANG_WARN_BLOCK_CAPTURE_AUTORELEASING = YES;
				CLANG_WARN_BOOL_CONVERSION = YES;
				CLANG_WARN_COMMA = YES;
				CLANG_WARN_CONSTANT_CONVERSION = YES;
				CLANG_WARN_DEPRECATED_OBJC_IMPLEMENTATIONS = YES;
				CLANG_WARN_DIRECT_OBJC_ISA_USAGE = YES_ERROR;
				CLANG_WARN_DOCUMENTATION_COMMENTS = YES;
				CLANG_WARN_EMPTY_BODY = YES;
				CLANG_WARN_ENUM_CONVERSION = YES;
				CLANG_WARN_INFINITE_RECURSION = YES;
				CLANG_WARN_INT_CONVERSION = YES;
				CLANG_WARN_NON_LITERAL_NULL_CONVERSION = YES;
				CLANG_WARN_OBJC_IMPLICIT_RETAIN_SELF = YES;
				CLANG_WARN_OBJC_LITERAL_CONVERSION = YES;
				CLANG_WARN_OBJC_ROOT_CLASS = YES_ERROR;
				CLANG_WARN_RANGE_LOOP_ANALYSIS = YES;
				CLANG_WARN_STRICT_PROTOTYPES = YES;
				CLANG_WARN_SUSPICIOUS_MOVE = YES;
				CLANG_WARN_UNGUARDED_AVAILABILITY = YES_AGGRESSIVE;
				CLANG_WARN_UNREACHABLE_CODE = YES;
				CLANG_WARN__DUPLICATE_METHOD_MATCH = YES;
				CODE_SIGN_IDENTITY = "iPhone Developer";
				COPY_PHASE_STRIP = NO;
				DEBUG_INFORMATION_FORMAT = dwarf;
				ENABLE_STRICT_OBJC_MSGSEND = YES;
				ENABLE_TESTABILITY = YES;
				GCC_C_LANGUAGE_STANDARD = gnu11;
				GCC_DYNAMIC_NO_PIC = NO;
				GCC_NO_COMMON_BLOCKS = YES;
				GCC_OPTIMIZATION_LEVEL = 0;
				GCC_PREPROCESSOR_DEFINITIONS = (
					"DEBUG=1",
					"$(inherited)",
				);
				GCC_WARN_64_TO_32_BIT_CONVERSION = YES;
				GCC_WARN_ABOUT_RETURN_TYPE = YES_ERROR;
				GCC_WARN_UNDECLARED_SELECTOR = YES;
				GCC_WARN_UNINITIALIZED_AUTOS = YES_AGGRESSIVE;
				GCC_WARN_UNUSED_FUNCTION = YES;
				GCC_WARN_UNUSED_VARIABLE = YES;
				IPHONEOS_DEPLOYMENT_TARGET = 12.2;
				MTL_ENABLE_DEBUG_INFO = INCLUDE_SOURCE;
				MTL_FAST_MATH = YES;
				ONLY_ACTIVE_ARCH = YES;
				SDKROOT = iphoneos;
				SWIFT_ACTIVE_COMPILATION_CONDITIONS = DEBUG;
				SWIFT_OPTIMIZATION_LEVEL = "-Onone";
			};
			name = Debug;
		};
		2F168ECC22F151CB00A7A85F /* Release */ = {
			isa = XCBuildConfiguration;
			buildSettings = {
				ALWAYS_SEARCH_USER_PATHS = NO;
				CLANG_ANALYZER_NONNULL = YES;
				CLANG_ANALYZER_NUMBER_OBJECT_CONVERSION = YES_AGGRESSIVE;
				CLANG_CXX_LANGUAGE_STANDARD = "gnu++14";
				CLANG_CXX_LIBRARY = "libc++";
				CLANG_ENABLE_MODULES = YES;
				CLANG_ENABLE_OBJC_ARC = YES;
				CLANG_ENABLE_OBJC_WEAK = YES;
				CLANG_WARN_BLOCK_CAPTURE_AUTORELEASING = YES;
				CLANG_WARN_BOOL_CONVERSION = YES;
				CLANG_WARN_COMMA = YES;
				CLANG_WARN_CONSTANT_CONVERSION = YES;
				CLANG_WARN_DEPRECATED_OBJC_IMPLEMENTATIONS = YES;
				CLANG_WARN_DIRECT_OBJC_ISA_USAGE = YES_ERROR;
				CLANG_WARN_DOCUMENTATION_COMMENTS = YES;
				CLANG_WARN_EMPTY_BODY = YES;
				CLANG_WARN_ENUM_CONVERSION = YES;
				CLANG_WARN_INFINITE_RECURSION = YES;
				CLANG_WARN_INT_CONVERSION = YES;
				CLANG_WARN_NON_LITERAL_NULL_CONVERSION = YES;
				CLANG_WARN_OBJC_IMPLICIT_RETAIN_SELF = YES;
				CLANG_WARN_OBJC_LITERAL_CONVERSION = YES;
				CLANG_WARN_OBJC_ROOT_CLASS = YES_ERROR;
				CLANG_WARN_RANGE_LOOP_ANALYSIS = YES;
				CLANG_WARN_STRICT_PROTOTYPES = YES;
				CLANG_WARN_SUSPICIOUS_MOVE = YES;
				CLANG_WARN_UNGUARDED_AVAILABILITY = YES_AGGRESSIVE;
				CLANG_WARN_UNREACHABLE_CODE = YES;
				CLANG_WARN__DUPLICATE_METHOD_MATCH = YES;
				CODE_SIGN_IDENTITY = "iPhone Developer";
				COPY_PHASE_STRIP = NO;
				DEBUG_INFORMATION_FORMAT = "dwarf-with-dsym";
				ENABLE_NS_ASSERTIONS = NO;
				ENABLE_STRICT_OBJC_MSGSEND = YES;
				GCC_C_LANGUAGE_STANDARD = gnu11;
				GCC_NO_COMMON_BLOCKS = YES;
				GCC_WARN_64_TO_32_BIT_CONVERSION = YES;
				GCC_WARN_ABOUT_RETURN_TYPE = YES_ERROR;
				GCC_WARN_UNDECLARED_SELECTOR = YES;
				GCC_WARN_UNINITIALIZED_AUTOS = YES_AGGRESSIVE;
				GCC_WARN_UNUSED_FUNCTION = YES;
				GCC_WARN_UNUSED_VARIABLE = YES;
				IPHONEOS_DEPLOYMENT_TARGET = 12.2;
				MTL_ENABLE_DEBUG_INFO = NO;
				MTL_FAST_MATH = YES;
				SDKROOT = iphoneos;
				SWIFT_COMPILATION_MODE = wholemodule;
				SWIFT_OPTIMIZATION_LEVEL = "-O";
				VALIDATE_PRODUCT = YES;
			};
			name = Release;
		};
		2F168ECE22F151CB00A7A85F /* Debug */ = {
			isa = XCBuildConfiguration;
			buildSettings = {
				ASSETCATALOG_COMPILER_APPICON_NAME = AppIcon;
				CODE_SIGN_STYLE = Automatic;
				DEVELOPMENT_TEAM = 63259B266M;
				INFOPLIST_FILE = "Daily Harvest/Info.plist";
				LD_RUNPATH_SEARCH_PATHS = (
					"$(inherited)",
					"@executable_path/Frameworks",
				);
				PRODUCT_BUNDLE_IDENTIFIER = "edu.stanford.dasmer.Daily-Harvest";
				PRODUCT_NAME = "$(TARGET_NAME)";
				SWIFT_VERSION = 5.0;
				TARGETED_DEVICE_FAMILY = "1,2";
			};
			name = Debug;
		};
		2F168ECF22F151CB00A7A85F /* Release */ = {
			isa = XCBuildConfiguration;
			buildSettings = {
				ASSETCATALOG_COMPILER_APPICON_NAME = AppIcon;
				CODE_SIGN_STYLE = Automatic;
				DEVELOPMENT_TEAM = 63259B266M;
				INFOPLIST_FILE = "Daily Harvest/Info.plist";
				LD_RUNPATH_SEARCH_PATHS = (
					"$(inherited)",
					"@executable_path/Frameworks",
				);
				PRODUCT_BUNDLE_IDENTIFIER = "edu.stanford.dasmer.Daily-Harvest";
				PRODUCT_NAME = "$(TARGET_NAME)";
				SWIFT_VERSION = 5.0;
				TARGETED_DEVICE_FAMILY = "1,2";
			};
			name = Release;
		};
		2F168ED122F151CB00A7A85F /* Debug */ = {
			isa = XCBuildConfiguration;
			buildSettings = {
				ALWAYS_EMBED_SWIFT_STANDARD_LIBRARIES = YES;
				BUNDLE_LOADER = "$(TEST_HOST)";
				CODE_SIGN_STYLE = Automatic;
				DEVELOPMENT_TEAM = 63259B266M;
				INFOPLIST_FILE = "Daily HarvestTests/Info.plist";
				LD_RUNPATH_SEARCH_PATHS = (
					"$(inherited)",
					"@executable_path/Frameworks",
					"@loader_path/Frameworks",
				);
				PRODUCT_BUNDLE_IDENTIFIER = "edu.stanford.dasmer.Daily-HarvestTests";
				PRODUCT_NAME = "$(TARGET_NAME)";
				SWIFT_VERSION = 5.0;
				TARGETED_DEVICE_FAMILY = "1,2";
				TEST_HOST = "$(BUILT_PRODUCTS_DIR)/Daily Harvest.app/Daily Harvest";
			};
			name = Debug;
		};
		2F168ED222F151CB00A7A85F /* Release */ = {
			isa = XCBuildConfiguration;
			buildSettings = {
				ALWAYS_EMBED_SWIFT_STANDARD_LIBRARIES = YES;
				BUNDLE_LOADER = "$(TEST_HOST)";
				CODE_SIGN_STYLE = Automatic;
				DEVELOPMENT_TEAM = 63259B266M;
				INFOPLIST_FILE = "Daily HarvestTests/Info.plist";
				LD_RUNPATH_SEARCH_PATHS = (
					"$(inherited)",
					"@executable_path/Frameworks",
					"@loader_path/Frameworks",
				);
				PRODUCT_BUNDLE_IDENTIFIER = "edu.stanford.dasmer.Daily-HarvestTests";
				PRODUCT_NAME = "$(TARGET_NAME)";
				SWIFT_VERSION = 5.0;
				TARGETED_DEVICE_FAMILY = "1,2";
				TEST_HOST = "$(BUILT_PRODUCTS_DIR)/Daily Harvest.app/Daily Harvest";
			};
			name = Release;
		};
/* End XCBuildConfiguration section */

/* Begin XCConfigurationList section */
		2F168EAB22F151CA00A7A85F /* Build configuration list for PBXProject "Daily Harvest" */ = {
			isa = XCConfigurationList;
			buildConfigurations = (
				2F168ECB22F151CB00A7A85F /* Debug */,
				2F168ECC22F151CB00A7A85F /* Release */,
			);
			defaultConfigurationIsVisible = 0;
			defaultConfigurationName = Release;
		};
		2F168ECD22F151CB00A7A85F /* Build configuration list for PBXNativeTarget "Daily Harvest" */ = {
			isa = XCConfigurationList;
			buildConfigurations = (
				2F168ECE22F151CB00A7A85F /* Debug */,
				2F168ECF22F151CB00A7A85F /* Release */,
			);
			defaultConfigurationIsVisible = 0;
			defaultConfigurationName = Release;
		};
		2F168ED022F151CB00A7A85F /* Build configuration list for PBXNativeTarget "Daily HarvestTests" */ = {
			isa = XCConfigurationList;
			buildConfigurations = (
				2F168ED122F151CB00A7A85F /* Debug */,
				2F168ED222F151CB00A7A85F /* Release */,
			);
			defaultConfigurationIsVisible = 0;
			defaultConfigurationName = Release;
		};
/* End XCConfigurationList section */
	};
	rootObject = 2F168EA822F151CA00A7A85F /* Project object */;
}
